
Microsoft Visual Studio Solution File, Format Version 12.00
# Visual Studio Version 17
VisualStudioVersion = 17.11.35208.52
MinimumVisualStudioVersion = 10.0.40219.1
Project("{FAE04EC0-301F-11D3-BF4B-00C04F79EFBC}") = "MyCoinsNew", "MyCoinsNew.csproj", "{B7328660-2E82-44EB-A36A-49C171ABB0E7}"
EndProject
Global
	GlobalSection(SolutionConfigurationPlatforms) = preSolution
		Debug|Any CPU = Debug|Any CPU
		Release|Any CPU = Release|Any CPU
	EndGlobalSection
	GlobalSection(ProjectConfigurationPlatforms) = postSolution
		{B7328660-2E82-44EB-A36A-49C171ABB0E7}.Debug|Any CPU.ActiveCfg = Debug|Any CPU
		{B7328660-2E82-44EB-A36A-49C171ABB0E7}.Debug|Any CPU.Build.0 = Debug|Any CPU
		{B7328660-2E82-44EB-A36A-49C171ABB0E7}.Release|Any CPU.ActiveCfg = Release|Any CPU
		{B7328660-2E82-44EB-A36A-49C171ABB0E7}.Release|Any CPU.Build.0 = Release|Any CPU
	EndGlobalSection
	GlobalSection(SolutionProperties) = preSolution
		HideSolutionNode = FALSE
	EndGlobalSection
	GlobalSection(ExtensibilityGlobals) = postSolution
		SolutionGuid = {B3ACA0BC-216D-4A9F-A74C-15D789816BC9}
	EndGlobalSection
EndGlobal
